
Microsoft Visual Studio Solution File, Format Version 12.00
# Visual Studio 15
VisualStudioVersion = 15.0.27428.2015
MinimumVisualStudioVersion = 10.0.40219.1
Project("{9A19103F-16F7-4668-BE54-9A1E7A4F7556}") = "WebInterface", "WebInterface\WebInterface.csproj", "{C8647FF2-F921-4CF5-A08A-9A947E9F1984}"
EndProject
Global
	GlobalSection(SolutionConfigurationPlatforms) = preSolution
		Debug|Any CPU = Debug|Any CPU
		Release|Any CPU = Release|Any CPU
	EndGlobalSection
	GlobalSection(ProjectConfigurationPlatforms) = postSolution
		{C8647FF2-F921-4CF5-A08A-9A947E9F1984}.Debug|Any CPU.ActiveCfg = Debug|Any CPU
		{C8647FF2-F921-4CF5-A08A-9A947E9F1984}.Debug|Any CPU.Build.0 = Debug|Any CPU
		{C8647FF2-F921-4CF5-A08A-9A947E9F1984}.Release|Any CPU.ActiveCfg = Release|Any CPU
		{C8647FF2-F921-4CF5-A08A-9A947E9F1984}.Release|Any CPU.Build.0 = Release|Any CPU
	EndGlobalSection
	GlobalSection(SolutionProperties) = preSolution
		HideSolutionNode = FALSE
	EndGlobalSection
	GlobalSection(ExtensibilityGlobals) = postSolution
		SolutionGuid = {379D4DD8-44A5-4593-AA62-54716F08622A}
	EndGlobalSection
EndGlobal
